
Microsoft Visual Studio Solution File, Format Version 12.00
# Visual Studio Version 17
VisualStudioVersion = 17.11.35303.130
MinimumVisualStudioVersion = 10.0.40219.1
Project("{2150E333-8FDC-42A3-9474-1A3956D46DE8}") = "Task0", "Task0", "{75C69EE5-84F2-4F62-8C8C-43343738C55E}"
EndProject
Project("{9A19103F-16F7-4668-BE54-9A1E7A4F7556}") = "Tyuiu.NefedovIS.Sprint0.Task0.V0", "Tyuiu.NefedovIS.Sprint0.Task0.V0\Tyuiu.NefedovIS.Sprint0.Task0.V0.csproj", "{0BA76AC7-D837-433B-9334-72A65610D676}"
EndProject
Project("{2150E333-8FDC-42A3-9474-1A3956D46DE8}") = "Task1", "Task1", "{AF71B69B-90A9-440F-9040-C9859DD55AD8}"
EndProject
Project("{9A19103F-16F7-4668-BE54-9A1E7A4F7556}") = "Tyuiu.NefedovIS.Sprint0.Task1.V0", "Tyuiu.NefedovIS.Sprint0.Task1.V0\Tyuiu.NefedovIS.Sprint0.Task1.V0.csproj", "{AC14FDDE-A197-4379-AF3B-13020989921E}"
EndProject
Project("{2150E333-8FDC-42A3-9474-1A3956D46DE8}") = "Task2", "Task2", "{6BD724B7-09F7-4D22-A83D-310A9FE3EF29}"
EndProject
Project("{9A19103F-16F7-4668-BE54-9A1E7A4F7556}") = "Tyuiu.NefedovIS.Sprint0.Task2.V0", "Tyuiu.NefedovIS.Sprint0.Task2.V0\Tyuiu.NefedovIS.Sprint0.Task2.V0.csproj", "{BE1B9660-8196-4568-851B-5C121AD9F4A1}"
EndProject
Project("{9A19103F-16F7-4668-BE54-9A1E7A4F7556}") = "Tyuiu.NefedovIS.Sprint0.Task2.V0.Lib", "Tyuiu.NefedovIS.Sprint0.Task2.V0.Lib\Tyuiu.NefedovIS.Sprint0.Task2.V0.Lib.csproj", "{67CB35FD-7ED5-443A-8BAB-4D8E1E626E65}"
EndProject
Project("{9A19103F-16F7-4668-BE54-9A1E7A4F7556}") = "Tyuiu.NefedovIS.Sprint0.Task2.V0.Test", "Tyuiu.NefedovIS.Sprint0.Task2.V0.Test\Tyuiu.NefedovIS.Sprint0.Task2.V0.Test.csproj", "{43E043FE-EC3D-4883-B07C-A8C6B5790045}"
EndProject
Project("{2150E333-8FDC-42A3-9474-1A3956D46DE8}") = "Task3", "Task3", "{8BEFB3B3-920B-4604-93D6-DD081F2A9D12}"
EndProject
Project("{FAE04EC0-301F-11D3-BF4B-00C04F79EFBC}") = "Tyuiu.NefedovIS.Sprint0.Task3.V0", "Tyuiu.NefedovIS.Sprint0.Task3.V0\Tyuiu.NefedovIS.Sprint0.Task3.V0.csproj", "{B009A070-8CA6-4C99-AAC0-EC1C37731D40}"
EndProject
Project("{FAE04EC0-301F-11D3-BF4B-00C04F79EFBC}") = "Tyuiu.NefedovIS.Sprint0.Task3.V0.Lib", "Tyuiu.NefedovIS.Sprint0.Task3.V0.Lib\Tyuiu.NefedovIS.Sprint0.Task3.V0.Lib.csproj", "{30262170-0E6C-4562-BDAF-08B089A290FF}"
EndProject
Project("{FAE04EC0-301F-11D3-BF4B-00C04F79EFBC}") = "Tyuiu.NefedovIS.Sprint0.Task3.V0.Test", "Tyuiu.NefedovIS.Sprint0.Task3.V0.Test\Tyuiu.NefedovIS.Sprint0.Task3.V0.Test.csproj", "{CE98D509-0EED-4B2A-9B2B-A5AEB047261C}"
EndProject
Project("{2150E333-8FDC-42A3-9474-1A3956D46DE8}") = "Task4", "Task4", "{F673199A-9B38-44E9-A9F6-A98E3D00C53E}"
EndProject
Project("{FAE04EC0-301F-11D3-BF4B-00C04F79EFBC}") = "Tyuiu.NefedovIS.Sprint0.Task4.V0", "Tyuiu.NefedovIS.Sprint0.Task4.V0\Tyuiu.NefedovIS.Sprint0.Task4.V0.csproj", "{7F955B40-DD0A-4E9B-8E37-FE7E4CF9BE8A}"
EndProject
Project("{FAE04EC0-301F-11D3-BF4B-00C04F79EFBC}") = "Tyuiu.NefedovIS.Sprint0.Task4.V0.Lib", "Tyuiu.NefedovIS.Sprint0.Task4.V0.Lib\Tyuiu.NefedovIS.Sprint0.Task4.V0.Lib.csproj", "{163E9017-40A4-450B-95D3-8BB82C9F40F4}"
EndProject
Project("{FAE04EC0-301F-11D3-BF4B-00C04F79EFBC}") = "Tyuiu.NefedovIS.Sprint0.Task4.V0.Test", "Tyuiu.NefedovIS.Sprint0.Task4.V0.Test\Tyuiu.NefedovIS.Sprint0.Task4.V0.Test.csproj", "{E86703ED-2C02-4E6E-A002-DBED8514F77F}"
EndProject
Project("{2150E333-8FDC-42A3-9474-1A3956D46DE8}") = "Task5", "Task5", "{586834CB-A63B-4343-BD22-0CF6C0A544DD}"
EndProject
Project("{FAE04EC0-301F-11D3-BF4B-00C04F79EFBC}") = "Tyuiu.NefedovIS.Sprint0.Task5.V0", "Tyuiu.NefedovIS.Sprint0.Task5.V0\Tyuiu.NefedovIS.Sprint0.Task5.V0.csproj", "{C3DCCB52-3DBF-44CC-BE13-6623EF713C29}"
EndProject
Project("{FAE04EC0-301F-11D3-BF4B-00C04F79EFBC}") = "Tyuiu.NefedovIS.Sprint0.Task5.V0.Lib", "Tyuiu.NefedovIS.Sprint0.Task5.V0.Lib\Tyuiu.NefedovIS.Sprint0.Task5.V0.Lib.csproj", "{6088654E-E24C-45BF-84A4-5DCC9BE3FE02}"
EndProject
Project("{FAE04EC0-301F-11D3-BF4B-00C04F79EFBC}") = "Tyuiu.NefedovIS.Sprint0.Task5.V0.Test", "Tyuiu.NefedovIS.Sprint0.Task5.V0.Test\Tyuiu.NefedovIS.Sprint0.Task5.V0.Test.csproj", "{AAB3CCC4-5AEA-4170-94B6-14AF1562F865}"
EndProject
Project("{2150E333-8FDC-42A3-9474-1A3956D46DE8}") = "Task6", "Task6", "{9A2D4D83-C5AF-4183-816A-8AFDF0650AB6}"
EndProject
Project("{FAE04EC0-301F-11D3-BF4B-00C04F79EFBC}") = "Tyuiu.NefedovIS.Sprint0.Task6.V0", "Tyuiu.NefedovIS.Sprint0.Task6.V0\Tyuiu.NefedovIS.Sprint0.Task6.V0.csproj", "{0C3134F0-2EC7-471A-A61F-FB19EFA8A66B}"
EndProject
Project("{FAE04EC0-301F-11D3-BF4B-00C04F79EFBC}") = "Tyuiu.NefedovIS.Sprint0.Task6.V0.Lib", "Tyuiu.NefedovIS.Sprint0.Task6.V0.Lib\Tyuiu.NefedovIS.Sprint0.Task6.V0.Lib.csproj", "{BF359421-3F02-4A20-94DA-F29A55871DE3}"
EndProject
Project("{FAE04EC0-301F-11D3-BF4B-00C04F79EFBC}") = "Tyuiu.NefedovIS.Sprint0.Task6.V0.Test", "Tyuiu.NefedovIS.Sprint0.Task6.V0.Test\Tyuiu.NefedovIS.Sprint0.Task6.V0.Test.csproj", "{AF769BA9-39F3-46A7-8B89-209BD4222B39}"
EndProject
Global
	GlobalSection(SolutionConfigurationPlatforms) = preSolution
		Debug|Any CPU = Debug|Any CPU
		Release|Any CPU = Release|Any CPU
	EndGlobalSection
	GlobalSection(ProjectConfigurationPlatforms) = postSolution
		{0BA76AC7-D837-433B-9334-72A65610D676}.Debug|Any CPU.ActiveCfg = Debug|Any CPU
		{0BA76AC7-D837-433B-9334-72A65610D676}.Debug|Any CPU.Build.0 = Debug|Any CPU
		{0BA76AC7-D837-433B-9334-72A65610D676}.Release|Any CPU.ActiveCfg = Release|Any CPU
		{0BA76AC7-D837-433B-9334-72A65610D676}.Release|Any CPU.Build.0 = Release|Any CPU
		{AC14FDDE-A197-4379-AF3B-13020989921E}.Debug|Any CPU.ActiveCfg = Debug|Any CPU
		{AC14FDDE-A197-4379-AF3B-13020989921E}.Debug|Any CPU.Build.0 = Debug|Any CPU
		{AC14FDDE-A197-4379-AF3B-13020989921E}.Release|Any CPU.ActiveCfg = Release|Any CPU
		{AC14FDDE-A197-4379-AF3B-13020989921E}.Release|Any CPU.Build.0 = Release|Any CPU
		{BE1B9660-8196-4568-851B-5C121AD9F4A1}.Debug|Any CPU.ActiveCfg = Debug|Any CPU
		{BE1B9660-8196-4568-851B-5C121AD9F4A1}.Debug|Any CPU.Build.0 = Debug|Any CPU
		{BE1B9660-8196-4568-851B-5C121AD9F4A1}.Release|Any CPU.ActiveCfg = Release|Any CPU
		{BE1B9660-8196-4568-851B-5C121AD9F4A1}.Release|Any CPU.Build.0 = Release|Any CPU
		{67CB35FD-7ED5-443A-8BAB-4D8E1E626E65}.Debug|Any CPU.ActiveCfg = Debug|Any CPU
		{67CB35FD-7ED5-443A-8BAB-4D8E1E626E65}.Debug|Any CPU.Build.0 = Debug|Any CPU
		{67CB35FD-7ED5-443A-8BAB-4D8E1E626E65}.Release|Any CPU.ActiveCfg = Release|Any CPU
		{67CB35FD-7ED5-443A-8BAB-4D8E1E626E65}.Release|Any CPU.Build.0 = Release|Any CPU
		{43E043FE-EC3D-4883-B07C-A8C6B5790045}.Debug|Any CPU.ActiveCfg = Debug|Any CPU
		{43E043FE-EC3D-4883-B07C-A8C6B5790045}.Debug|Any CPU.Build.0 = Debug|Any CPU
		{43E043FE-EC3D-4883-B07C-A8C6B5790045}.Release|Any CPU.ActiveCfg = Release|Any CPU
		{43E043FE-EC3D-4883-B07C-A8C6B5790045}.Release|Any CPU.Build.0 = Release|Any CPU
		{B009A070-8CA6-4C99-AAC0-EC1C37731D40}.Debug|Any CPU.ActiveCfg = Debug|Any CPU
		{B009A070-8CA6-4C99-AAC0-EC1C37731D40}.Debug|Any CPU.Build.0 = Debug|Any CPU
		{B009A070-8CA6-4C99-AAC0-EC1C37731D40}.Release|Any CPU.ActiveCfg = Release|Any CPU
		{B009A070-8CA6-4C99-AAC0-EC1C37731D40}.Release|Any CPU.Build.0 = Release|Any CPU
		{30262170-0E6C-4562-BDAF-08B089A290FF}.Debug|Any CPU.ActiveCfg = Debug|Any CPU
		{30262170-0E6C-4562-BDAF-08B089A290FF}.Debug|Any CPU.Build.0 = Debug|Any CPU
		{30262170-0E6C-4562-BDAF-08B089A290FF}.Release|Any CPU.ActiveCfg = Release|Any CPU
		{30262170-0E6C-4562-BDAF-08B089A290FF}.Release|Any CPU.Build.0 = Release|Any CPU
		{CE98D509-0EED-4B2A-9B2B-A5AEB047261C}.Debug|Any CPU.ActiveCfg = Debug|Any CPU
		{CE98D509-0EED-4B2A-9B2B-A5AEB047261C}.Debug|Any CPU.Build.0 = Debug|Any CPU
		{CE98D509-0EED-4B2A-9B2B-A5AEB047261C}.Release|Any CPU.ActiveCfg = Release|Any CPU
		{CE98D509-0EED-4B2A-9B2B-A5AEB047261C}.Release|Any CPU.Build.0 = Release|Any CPU
		{7F955B40-DD0A-4E9B-8E37-FE7E4CF9BE8A}.Debug|Any CPU.ActiveCfg = Debug|Any CPU
		{7F955B40-DD0A-4E9B-8E37-FE7E4CF9BE8A}.Debug|Any CPU.Build.0 = Debug|Any CPU
		{7F955B40-DD0A-4E9B-8E37-FE7E4CF9BE8A}.Release|Any CPU.ActiveCfg = Release|Any CPU
		{7F955B40-DD0A-4E9B-8E37-FE7E4CF9BE8A}.Release|Any CPU.Build.0 = Release|Any CPU
		{163E9017-40A4-450B-95D3-8BB82C9F40F4}.Debug|Any CPU.ActiveCfg = Debug|Any CPU
		{163E9017-40A4-450B-95D3-8BB82C9F40F4}.Debug|Any CPU.Build.0 = Debug|Any CPU
		{163E9017-40A4-450B-95D3-8BB82C9F40F4}.Release|Any CPU.ActiveCfg = Release|Any CPU
		{163E9017-40A4-450B-95D3-8BB82C9F40F4}.Release|Any CPU.Build.0 = Release|Any CPU
		{E86703ED-2C02-4E6E-A002-DBED8514F77F}.Debug|Any CPU.ActiveCfg = Debug|Any CPU
		{E86703ED-2C02-4E6E-A002-DBED8514F77F}.Debug|Any CPU.Build.0 = Debug|Any CPU
		{E86703ED-2C02-4E6E-A002-DBED8514F77F}.Release|Any CPU.ActiveCfg = Release|Any CPU
		{E86703ED-2C02-4E6E-A002-DBED8514F77F}.Release|Any CPU.Build.0 = Release|Any CPU
		{C3DCCB52-3DBF-44CC-BE13-6623EF713C29}.Debug|Any CPU.ActiveCfg = Debug|Any CPU
		{C3DCCB52-3DBF-44CC-BE13-6623EF713C29}.Debug|Any CPU.Build.0 = Debug|Any CPU
		{C3DCCB52-3DBF-44CC-BE13-6623EF713C29}.Release|Any CPU.ActiveCfg = Release|Any CPU
		{C3DCCB52-3DBF-44CC-BE13-6623EF713C29}.Release|Any CPU.Build.0 = Release|Any CPU
		{6088654E-E24C-45BF-84A4-5DCC9BE3FE02}.Debug|Any CPU.ActiveCfg = Debug|Any CPU
		{6088654E-E24C-45BF-84A4-5DCC9BE3FE02}.Debug|Any CPU.Build.0 = Debug|Any CPU
		{6088654E-E24C-45BF-84A4-5DCC9BE3FE02}.Release|Any CPU.ActiveCfg = Release|Any CPU
		{6088654E-E24C-45BF-84A4-5DCC9BE3FE02}.Release|Any CPU.Build.0 = Release|Any CPU
		{AAB3CCC4-5AEA-4170-94B6-14AF1562F865}.Debug|Any CPU.ActiveCfg = Debug|Any CPU
		{AAB3CCC4-5AEA-4170-94B6-14AF1562F865}.Debug|Any CPU.Build.0 = Debug|Any CPU
		{AAB3CCC4-5AEA-4170-94B6-14AF1562F865}.Release|Any CPU.ActiveCfg = Release|Any CPU
		{AAB3CCC4-5AEA-4170-94B6-14AF1562F865}.Release|Any CPU.Build.0 = Release|Any CPU
		{0C3134F0-2EC7-471A-A61F-FB19EFA8A66B}.Debug|Any CPU.ActiveCfg = Debug|Any CPU
		{0C3134F0-2EC7-471A-A61F-FB19EFA8A66B}.Debug|Any CPU.Build.0 = Debug|Any CPU
		{0C3134F0-2EC7-471A-A61F-FB19EFA8A66B}.Release|Any CPU.ActiveCfg = Release|Any CPU
		{0C3134F0-2EC7-471A-A61F-FB19EFA8A66B}.Release|Any CPU.Build.0 = Release|Any CPU
		{BF359421-3F02-4A20-94DA-F29A55871DE3}.Debug|Any CPU.ActiveCfg = Debug|Any CPU
		{BF359421-3F02-4A20-94DA-F29A55871DE3}.Debug|Any CPU.Build.0 = Debug|Any CPU
		{BF359421-3F02-4A20-94DA-F29A55871DE3}.Release|Any CPU.ActiveCfg = Release|Any CPU
		{BF359421-3F02-4A20-94DA-F29A55871DE3}.Release|Any CPU.Build.0 = Release|Any CPU
		{AF769BA9-39F3-46A7-8B89-209BD4222B39}.Debug|Any CPU.ActiveCfg = Debug|Any CPU
		{AF769BA9-39F3-46A7-8B89-209BD4222B39}.Debug|Any CPU.Build.0 = Debug|Any CPU
		{AF769BA9-39F3-46A7-8B89-209BD4222B39}.Release|Any CPU.ActiveCfg = Release|Any CPU
		{AF769BA9-39F3-46A7-8B89-209BD4222B39}.Release|Any CPU.Build.0 = Release|Any CPU
	EndGlobalSection
	GlobalSection(SolutionProperties) = preSolution
		HideSolutionNode = FALSE
	EndGlobalSection
	GlobalSection(NestedProjects) = preSolution
		{0BA76AC7-D837-433B-9334-72A65610D676} = {75C69EE5-84F2-4F62-8C8C-43343738C55E}
		{AC14FDDE-A197-4379-AF3B-13020989921E} = {AF71B69B-90A9-440F-9040-C9859DD55AD8}
		{BE1B9660-8196-4568-851B-5C121AD9F4A1} = {6BD724B7-09F7-4D22-A83D-310A9FE3EF29}
		{67CB35FD-7ED5-443A-8BAB-4D8E1E626E65} = {6BD724B7-09F7-4D22-A83D-310A9FE3EF29}
		{43E043FE-EC3D-4883-B07C-A8C6B5790045} = {6BD724B7-09F7-4D22-A83D-310A9FE3EF29}
		{B009A070-8CA6-4C99-AAC0-EC1C37731D40} = {8BEFB3B3-920B-4604-93D6-DD081F2A9D12}
		{30262170-0E6C-4562-BDAF-08B089A290FF} = {8BEFB3B3-920B-4604-93D6-DD081F2A9D12}
		{CE98D509-0EED-4B2A-9B2B-A5AEB047261C} = {8BEFB3B3-920B-4604-93D6-DD081F2A9D12}
		{7F955B40-DD0A-4E9B-8E37-FE7E4CF9BE8A} = {F673199A-9B38-44E9-A9F6-A98E3D00C53E}
		{163E9017-40A4-450B-95D3-8BB82C9F40F4} = {F673199A-9B38-44E9-A9F6-A98E3D00C53E}
		{E86703ED-2C02-4E6E-A002-DBED8514F77F} = {F673199A-9B38-44E9-A9F6-A98E3D00C53E}
		{C3DCCB52-3DBF-44CC-BE13-6623EF713C29} = {586834CB-A63B-4343-BD22-0CF6C0A544DD}
		{6088654E-E24C-45BF-84A4-5DCC9BE3FE02} = {586834CB-A63B-4343-BD22-0CF6C0A544DD}
		{AAB3CCC4-5AEA-4170-94B6-14AF1562F865} = {586834CB-A63B-4343-BD22-0CF6C0A544DD}
		{0C3134F0-2EC7-471A-A61F-FB19EFA8A66B} = {9A2D4D83-C5AF-4183-816A-8AFDF0650AB6}
		{BF359421-3F02-4A20-94DA-F29A55871DE3} = {9A2D4D83-C5AF-4183-816A-8AFDF0650AB6}
		{AF769BA9-39F3-46A7-8B89-209BD4222B39} = {9A2D4D83-C5AF-4183-816A-8AFDF0650AB6}
	EndGlobalSection
	GlobalSection(ExtensibilityGlobals) = postSolution
		SolutionGuid = {CB410E75-BD86-4C81-8497-63FC0AC24EA3}
	EndGlobalSection
EndGlobal
